
Microsoft Visual Studio Solution File, Format Version 12.00
# Visual Studio 15
VisualStudioVersion = 15.0.28307.421
MinimumVisualStudioVersion = 10.0.40219.1
Project("{FAE04EC0-301F-11D3-BF4B-00C04F79EFBC}") = "t2w1", "t2w1\t2w1.csproj", "{B2ED0B16-DE0D-40ED-8DED-20A954F1AA6C}"
EndProject
Global
	GlobalSection(SolutionConfigurationPlatforms) = preSolution
		Debug|Any CPU = Debug|Any CPU
		Release|Any CPU = Release|Any CPU
	EndGlobalSection
	GlobalSection(ProjectConfigurationPlatforms) = postSolution
		{B2ED0B16-DE0D-40ED-8DED-20A954F1AA6C}.Debug|Any CPU.ActiveCfg = Debug|Any CPU
		{B2ED0B16-DE0D-40ED-8DED-20A954F1AA6C}.Debug|Any CPU.Build.0 = Debug|Any CPU
		{B2ED0B16-DE0D-40ED-8DED-20A954F1AA6C}.Release|Any CPU.ActiveCfg = Release|Any CPU
		{B2ED0B16-DE0D-40ED-8DED-20A954F1AA6C}.Release|Any CPU.Build.0 = Release|Any CPU
	EndGlobalSection
	GlobalSection(SolutionProperties) = preSolution
		HideSolutionNode = FALSE
	EndGlobalSection
	GlobalSection(ExtensibilityGlobals) = postSolution
		SolutionGuid = {47443402-D94B-4252-8BF8-28E3934C49AF}
	EndGlobalSection
EndGlobal
